// !$*UTF8*$!
{
	archiveVersion = 1;
	classes = {
	};
	objectVersion = 50;
	objects = {

/* Begin PBXBuildFile section */
		62DAACBA244D4CDF0055C928 /* AppDelegate.swift in Sources */ = {isa = PBXBuildFile; fileRef = 62DAACB9244D4CDF0055C928 /* AppDelegate.swift */; };
		62DAACBC244D4CDF0055C928 /* SceneDelegate.swift in Sources */ = {isa = PBXBuildFile; fileRef = 62DAACBB244D4CDF0055C928 /* SceneDelegate.swift */; };
		62DAACBE244D4CDF0055C928 /* ViewController.swift in Sources */ = {isa = PBXBuildFile; fileRef = 62DAACBD244D4CDF0055C928 /* ViewController.swift */; };
		62DAACC1244D4CDF0055C928 /* Main.storyboard in Resources */ = {isa = PBXBuildFile; fileRef = 62DAACBF244D4CDF0055C928 /* Main.storyboard */; };
		62DAACC3244D4CE20055C928 /* Assets.xcassets in Resources */ = {isa = PBXBuildFile; fileRef = 62DAACC2244D4CE20055C928 /* Assets.xcassets */; };
		62DAACC6244D4CE20055C928 /* LaunchScreen.storyboard in Resources */ = {isa = PBXBuildFile; fileRef = 62DAACC4244D4CE20055C928 /* LaunchScreen.storyboard */; };
		62DAACD9244E94200055C928 /* ExpansionViewController.swift in Sources */ = {isa = PBXBuildFile; fileRef = 62DAACD8244E94200055C928 /* ExpansionViewController.swift */; };
/* End PBXBuildFile section */

/* Begin PBXFileReference section */
		62DAACB6244D4CDF0055C928 /* SlidshowApp.app */ = {isa = PBXFileReference; explicitFileType = wrapper.application; includeInIndex = 0; path = SlidshowApp.app; sourceTree = BUILT_PRODUCTS_DIR; };
		62DAACB9244D4CDF0055C928 /* AppDelegate.swift */ = {isa = PBXFileReference; lastKnownFileType = sourcecode.swift; path = AppDelegate.swift; sourceTree = "<group>"; };
		62DAACBB244D4CDF0055C928 /* SceneDelegate.swift */ = {isa = PBXFileReference; lastKnownFileType = sourcecode.swift; path = SceneDelegate.swift; sourceTree = "<group>"; };
		62DAACBD244D4CDF0055C928 /* ViewController.swift */ = {isa = PBXFileReference; lastKnownFileType = sourcecode.swift; path = ViewController.swift; sourceTree = "<group>"; };
		62DAACC0244D4CDF0055C928 /* Base */ = {isa = PBXFileReference; lastKnownFileType = file.storyboard; name = Base; path = Base.lproj/Main.storyboard; sourceTree = "<group>"; };
		62DAACC2244D4CE20055C928 /* Assets.xcassets */ = {isa = PBXFileReference; lastKnownFileType = folder.assetcatalog; path = Assets.xcassets; sourceTree = "<group>"; };
		62DAACC5244D4CE20055C928 /* Base */ = {isa = PBXFileReference; lastKnownFileType = file.storyboard; name = Base; path = Base.lproj/LaunchScreen.storyboard; sourceTree = "<group>"; };
		62DAACC7244D4CE20055C928 /* Info.plist */ = {isa = PBXFileReference; lastKnownFileType = text.plist.xml; path = Info.plist; sourceTree = "<group>"; };
		62DAACD8244E94200055C928 /* ExpansionViewController.swift */ = {isa = PBXFileReference; lastKnownFileType = sourcecode.swift; path = ExpansionViewController.swift; sourceTree = "<group>"; };
/* End PBXFileReference section */

/* Begin PBXFrameworksBuildPhase section */
		62DAACB3244D4CDF0055C928 /* Frameworks */ = {
			isa = PBXFrameworksBuildPhase;
			buildActionMask = 2147483647;
			files = (
			);
			runOnlyForDeploymentPostprocessing = 0;
		};
/* End PBXFrameworksBuildPhase section */

/* Begin PBXGroup section */
		62DAACAD244D4CDF0055C928 = {
			isa = PBXGroup;
			children = (
				62DAACB8244D4CDF0055C928 /* SlidshowApp */,
				62DAACB7244D4CDF0055C928 /* Products */,
			);
			sourceTree = "<group>";
		};
		62DAACB7244D4CDF0055C928 /* Products */ = {
			isa = PBXGroup;
			children = (
				62DAACB6244D4CDF0055C928 /* SlidshowApp.app */,
			);
			name = Products;
			sourceTree = "<group>";
		};
		62DAACB8244D4CDF0055C928 /* SlidshowApp */ = {
			isa = PBXGroup;
			children = (
				62DAACB9244D4CDF0055C928 /* AppDelegate.swift */,
				62DAACBB244D4CDF0055C928 /* SceneDelegate.swift */,
				62DAACBD244D4CDF0055C928 /* ViewController.swift */,
				62DAACD8244E94200055C928 /* ExpansionViewController.swift */,
				62DAACBF244D4CDF0055C928 /* Main.storyboard */,
				62DAACC2244D4CE20055C928 /* Assets.xcassets */,
				62DAACC4244D4CE20055C928 /* LaunchScreen.storyboard */,
				62DAACC7244D4CE20055C928 /* Info.plist */,
			);
			path = SlidshowApp;
			sourceTree = "<group>";
		};
/* End PBXGroup section */

/* Begin PBXNativeTarget section */
		62DAACB5244D4CDF0055C928 /* SlidshowApp */ = {
			isa = PBXNativeTarget;
			buildConfigurationList = 62DAACCA244D4CE20055C928 /* Build configuration list for PBXNativeTarget "SlidshowApp" */;
			buildPhases = (
				62DAACB2244D4CDF0055C928 /* Sources */,
				62DAACB3244D4CDF0055C928 /* Frameworks */,
				62DAACB4244D4CDF0055C928 /* Resources */,
			);
			buildRules = (
			);
			dependencies = (
			);
			name = SlidshowApp;
			productName = SlidshowApp;
			productReference = 62DAACB6244D4CDF0055C928 /* SlidshowApp.app */;
			productType = "com.apple.product-type.application";
		};
/* End PBXNativeTarget section */

/* Begin PBXProject section */
		62DAACAE244D4CDF0055C928 /* Project object */ = {
			isa = PBXProject;
			attributes = {
				LastSwiftUpdateCheck = 1110;
				LastUpgradeCheck = 1110;
				ORGANIZATIONNAME = yuu.ishida;
				TargetAttributes = {
					62DAACB5244D4CDF0055C928 = {
						CreatedOnToolsVersion = 11.1;
					};
				};
			};
			buildConfigurationList = 62DAACB1244D4CDF0055C928 /* Build configuration list for PBXProject "SlidshowApp" */;
			compatibilityVersion = "Xcode 9.3";
			developmentRegion = en;
			hasScannedForEncodings = 0;
			knownRegions = (
				en,
				Base,
			);
			mainGroup = 62DAACAD244D4CDF0055C928;
			productRefGroup = 62DAACB7244D4CDF0055C928 /* Products */;
			projectDirPath = "";
			projectRoot = "";
			targets = (
				62DAACB5244D4CDF0055C928 /* SlidshowApp */,
			);
		};
/* End PBXProject section */

/* Begin PBXResourcesBuildPhase section */
		62DAACB4244D4CDF0055C928 /* Resources */ = {
			isa = PBXResourcesBuildPhase;
			buildActionMask = 2147483647;
			files = (
				62DAACC6244D4CE20055C928 /* LaunchScreen.storyboard in Resources */,
				62DAACC3244D4CE20055C928 /* Assets.xcassets in Resources */,
				62DAACC1244D4CDF0055C928 /* Main.storyboard in Resources */,
			);
			runOnlyForDeploymentPostprocessing = 0;
		};
/* End PBXResourcesBuildPhase section */

/* Begin PBXSourcesBuildPhase section */
		62DAACB2244D4CDF0055C928 /* Sources */ = {
			isa = PBXSourcesBuildPhase;
			buildActionMask = 2147483647;
			files = (
				62DAACD9244E94200055C928 /* ExpansionViewController.swift in Sources */,
				62DAACBE244D4CDF0055C928 /* ViewController.swift in Sources */,
				62DAACBA244D4CDF0055C928 /* AppDelegate.swift in Sources */,
				62DAACBC244D4CDF0055C928 /* SceneDelegate.swift in Sources */,
			);
			runOnlyForDeploymentPostprocessing = 0;
		};
/* End PBXSourcesBuildPhase section */

/* Begin PBXVariantGroup section */
		62DAACBF244D4CDF0055C928 /* Main.storyboard */ = {
			isa = PBXVariantGroup;
			children = (
				62DAACC0244D4CDF0055C928 /* Base */,
			);
			name = Main.storyboard;
			sourceTree = "<group>";
		};
		62DAACC4244D4CE20055C928 /* LaunchScreen.storyboard */ = {
			isa = PBXVariantGroup;
			children = (
				62DAACC5244D4CE20055C928 /* Base */,
			);
			name = LaunchScreen.storyboard;
			sourceTree = "<group>";
		};
/* End PBXVariantGroup section */

/* Begin XCBuildConfiguration section */
		62DAACC8244D4CE20055C928 /* Debug */ = {
			isa = XCBuildConfiguration;
			buildSettings = {
				ALWAYS_SEARCH_USER_PATHS = NO;
				CLANG_ANALYZER_NONNULL = YES;
				CLANG_ANALYZER_NUMBER_OBJECT_CONVERSION = YES_AGGRESSIVE;
				CLANG_CXX_LANGUAGE_STANDARD = "gnu++14";
				CLANG_CXX_LIBRARY = "libc++";
				CLANG_ENABLE_MODULES = YES;
				CLANG_ENABLE_OBJC_ARC = YES;
				CLANG_ENABLE_OBJC_WEAK = YES;
				CLANG_WARN_BLOCK_CAPTURE_AUTORELEASING = YES;
				CLANG_WARN_BOOL_CONVERSION = YES;
				CLANG_WARN_COMMA = YES;
				CLANG_WARN_CONSTANT_CONVERSION = YES;
				CLANG_WARN_DEPRECATED_OBJC_IMPLEMENTATIONS = YES;
				CLANG_WARN_DIRECT_OBJC_ISA_USAGE = YES_ERROR;
				CLANG_WARN_DOCUMENTATION_COMMENTS = YES;
				CLANG_WARN_EMPTY_BODY = YES;
				CLANG_WARN_ENUM_CONVERSION = YES;
				CLANG_WARN_INFINITE_RECURSION = YES;
				CLANG_WARN_INT_CONVERSION = YES;
				CLANG_WARN_NON_LITERAL_NULL_CONVERSION = YES;
				CLANG_WARN_OBJC_IMPLICIT_RETAIN_SELF = YES;
				CLANG_WARN_OBJC_LITERAL_CONVERSION = YES;
				CLANG_WARN_OBJC_ROOT_CLASS = YES_ERROR;
				CLANG_WARN_RANGE_LOOP_ANALYSIS = YES;
				CLANG_WARN_STRICT_PROTOTYPES = YES;
				CLANG_WARN_SUSPICIOUS_MOVE = YES;
				CLANG_WARN_UNGUARDED_AVAILABILITY = YES_AGGRESSIVE;
				CLANG_WARN_UNREACHABLE_CODE = YES;
				CLANG_WARN__DUPLICATE_METHOD_MATCH = YES;
				COPY_PHASE_STRIP = NO;
				DEBUG_INFORMATION_FORMAT = dwarf;
				ENABLE_STRICT_OBJC_MSGSEND = YES;
				ENABLE_TESTABILITY = YES;
				GCC_C_LANGUAGE_STANDARD = gnu11;
				GCC_DYNAMIC_NO_PIC = NO;
				GCC_NO_COMMON_BLOCKS = YES;
				GCC_OPTIMIZATION_LEVEL = 0;
				GCC_PREPROCESSOR_DEFINITIONS = (
					"DEBUG=1",
					"$(inherited)",
				);
				GCC_WARN_64_TO_32_BIT_CONVERSION = YES;
				GCC_WARN_ABOUT_RETURN_TYPE = YES_ERROR;
				GCC_WARN_UNDECLARED_SELECTOR = YES;
				GCC_WARN_UNINITIALIZED_AUTOS = YES_AGGRESSIVE;
				GCC_WARN_UNUSED_FUNCTION = YES;
				GCC_WARN_UNUSED_VARIABLE = YES;
				IPHONEOS_DEPLOYMENT_TARGET = 13.1;
				MTL_ENABLE_DEBUG_INFO = INCLUDE_SOURCE;
				MTL_FAST_MATH = YES;
				ONLY_ACTIVE_ARCH = YES;
				SDKROOT = iphoneos;
				SWIFT_ACTIVE_COMPILATION_CONDITIONS = DEBUG;
				SWIFT_OPTIMIZATION_LEVEL = "-Onone";
			};
			name = Debug;
		};
		62DAACC9244D4CE20055C928 /* Release */ = {
			isa = XCBuildConfiguration;
			buildSettings = {
				ALWAYS_SEARCH_USER_PATHS = NO;
				CLANG_ANALYZER_NONNULL = YES;
				CLANG_ANALYZER_NUMBER_OBJECT_CONVERSION = YES_AGGRESSIVE;
				CLANG_CXX_LANGUAGE_STANDARD = "gnu++14";
				CLANG_CXX_LIBRARY = "libc++";
				CLANG_ENABLE_MODULES = YES;
				CLANG_ENABLE_OBJC_ARC = YES;
				CLANG_ENABLE_OBJC_WEAK = YES;
				CLANG_WARN_BLOCK_CAPTURE_AUTORELEASING = YES;
				CLANG_WARN_BOOL_CONVERSION = YES;
				CLANG_WARN_COMMA = YES;
				CLANG_WARN_CONSTANT_CONVERSION = YES;
				CLANG_WARN_DEPRECATED_OBJC_IMPLEMENTATIONS = YES;
				CLANG_WARN_DIRECT_OBJC_ISA_USAGE = YES_ERROR;
				CLANG_WARN_DOCUMENTATION_COMMENTS = YES;
				CLANG_WARN_EMPTY_BODY = YES;
				CLANG_WARN_ENUM_CONVERSION = YES;
				CLANG_WARN_INFINITE_RECURSION = YES;
				CLANG_WARN_INT_CONVERSION = YES;
				CLANG_WARN_NON_LITERAL_NULL_CONVERSION = YES;
				CLANG_WARN_OBJC_IMPLICIT_RETAIN_SELF = YES;
				CLANG_WARN_OBJC_LITERAL_CONVERSION = YES;
				CLANG_WARN_OBJC_ROOT_CLASS = YES_ERROR;
				CLANG_WARN_RANGE_LOOP_ANALYSIS = YES;
				CLANG_WARN_STRICT_PROTOTYPES = YES;
				CLANG_WARN_SUSPICIOUS_MOVE = YES;
				CLANG_WARN_UNGUARDED_AVAILABILITY = YES_AGGRESSIVE;
				CLANG_WARN_UNREACHABLE_CODE = YES;
				CLANG_WARN__DUPLICATE_METHOD_MATCH = YES;
				COPY_PHASE_STRIP = NO;
				DEBUG_INFORMATION_FORMAT = "dwarf-with-dsym";
				ENABLE_NS_ASSERTIONS = NO;
				ENABLE_STRICT_OBJC_MSGSEND = YES;
				GCC_C_LANGUAGE_STANDARD = gnu11;
				GCC_NO_COMMON_BLOCKS = YES;
				GCC_WARN_64_TO_32_BIT_CONVERSION = YES;
				GCC_WARN_ABOUT_RETURN_TYPE = YES_ERROR;
				GCC_WARN_UNDECLARED_SELECTOR = YES;
				GCC_WARN_UNINITIALIZED_AUTOS = YES_AGGRESSIVE;
				GCC_WARN_UNUSED_FUNCTION = YES;
				GCC_WARN_UNUSED_VARIABLE = YES;
				IPHONEOS_DEPLOYMENT_TARGET = 13.1;
				MTL_ENABLE_DEBUG_INFO = NO;
				MTL_FAST_MATH = YES;
				SDKROOT = iphoneos;
				SWIFT_COMPILATION_MODE = wholemodule;
				SWIFT_OPTIMIZATION_LEVEL = "-O";
				VALIDATE_PRODUCT = YES;
			};
			name = Release;
		};
		62DAACCB244D4CE20055C928 /* Debug */ = {
			isa = XCBuildConfiguration;
			buildSettings = {
				ASSETCATALOG_COMPILER_APPICON_NAME = AppIcon;
				CODE_SIGN_STYLE = Automatic;
				INFOPLIST_FILE = SlidshowApp/Info.plist;
				LD_RUNPATH_SEARCH_PATHS = (
					"$(inherited)",
					"@executable_path/Frameworks",
				);
				PRODUCT_BUNDLE_IDENTIFIER = jp.techacademy.yuu.ishida.SlidshowApp;
				PRODUCT_NAME = "$(TARGET_NAME)";
				SWIFT_VERSION = 5.0;
				TARGETED_DEVICE_FAMILY = "1,2";
			};
			name = Debug;
		};
		62DAACCC244D4CE20055C928 /* Release */ = {
			isa = XCBuildConfiguration;
			buildSettings = {
				ASSETCATALOG_COMPILER_APPICON_NAME = AppIcon;
				CODE_SIGN_STYLE = Automatic;
				INFOPLIST_FILE = SlidshowApp/Info.plist;
				LD_RUNPATH_SEARCH_PATHS = (
					"$(inherited)",
					"@executable_path/Frameworks",
				);
				PRODUCT_BUNDLE_IDENTIFIER = jp.techacademy.yuu.ishida.SlidshowApp;
				PRODUCT_NAME = "$(TARGET_NAME)";
				SWIFT_VERSION = 5.0;
				TARGETED_DEVICE_FAMILY = "1,2";
			};
			name = Release;
		};
/* End XCBuildConfiguration section */

/* Begin XCConfigurationList section */
		62DAACB1244D4CDF0055C928 /* Build configuration list for PBXProject "SlidshowApp" */ = {
			isa = XCConfigurationList;
			buildConfigurations = (
				62DAACC8244D4CE20055C928 /* Debug */,
				62DAACC9244D4CE20055C928 /* Release */,
			);
			defaultConfigurationIsVisible = 0;
			defaultConfigurationName = Release;
		};
		62DAACCA244D4CE20055C928 /* Build configuration list for PBXNativeTarget "SlidshowApp" */ = {
			isa = XCConfigurationList;
			buildConfigurations = (
				62DAACCB244D4CE20055C928 /* Debug */,
				62DAACCC244D4CE20055C928 /* Release */,
			);
			defaultConfigurationIsVisible = 0;
			defaultConfigurationName = Release;
		};
/* End XCConfigurationList section */
	};
	rootObject = 62DAACAE244D4CDF0055C928 /* Project object */;
}
